
Microsoft Visual Studio Solution File, Format Version 12.00
# Visual Studio Version 17
VisualStudioVersion = 17.9.34607.119
MinimumVisualStudioVersion = 10.0.40219.1
Project("{FAE04EC0-301F-11D3-BF4B-00C04F79EFBC}") = "Cards.Client", "Cards.Client\Cards.Client.csproj", "{A6FDF838-3B06-4A64-896F-5C71DE860F9A}"
EndProject
Global
	GlobalSection(SolutionConfigurationPlatforms) = preSolution
		Debug|Any CPU = Debug|Any CPU
		Release|Any CPU = Release|Any CPU
	EndGlobalSection
	GlobalSection(ProjectConfigurationPlatforms) = postSolution
		{A6FDF838-3B06-4A64-896F-5C71DE860F9A}.Debug|Any CPU.ActiveCfg = Debug|Any CPU
		{A6FDF838-3B06-4A64-896F-5C71DE860F9A}.Debug|Any CPU.Build.0 = Debug|Any CPU
		{A6FDF838-3B06-4A64-896F-5C71DE860F9A}.Release|Any CPU.ActiveCfg = Release|Any CPU
		{A6FDF838-3B06-4A64-896F-5C71DE860F9A}.Release|Any CPU.Build.0 = Release|Any CPU
	EndGlobalSection
	GlobalSection(SolutionProperties) = preSolution
		HideSolutionNode = FALSE
	EndGlobalSection
	GlobalSection(ExtensibilityGlobals) = postSolution
		SolutionGuid = {B81630CF-3443-4987-B1A1-4F5E2517AA27}
	EndGlobalSection
EndGlobal
